
Microsoft Visual Studio Solution File, Format Version 12.00
# Visual Studio Version 17
VisualStudioVersion = 17.5.002.0
MinimumVisualStudioVersion = 10.0.40219.1
Project("{9A19103F-16F7-4668-BE54-9A1E7A4F7556}") = "task-1", "task-1\task-1.csproj", "{E4992A2C-07A1-4AFC-862A-F2C41C07A666}"
EndProject
Global
	GlobalSection(SolutionConfigurationPlatforms) = preSolution
		Debug|Any CPU = Debug|Any CPU
		Release|Any CPU = Release|Any CPU
	EndGlobalSection
	GlobalSection(ProjectConfigurationPlatforms) = postSolution
		{E4992A2C-07A1-4AFC-862A-F2C41C07A666}.Debug|Any CPU.ActiveCfg = Debug|Any CPU
		{E4992A2C-07A1-4AFC-862A-F2C41C07A666}.Debug|Any CPU.Build.0 = Debug|Any CPU
		{E4992A2C-07A1-4AFC-862A-F2C41C07A666}.Release|Any CPU.ActiveCfg = Release|Any CPU
		{E4992A2C-07A1-4AFC-862A-F2C41C07A666}.Release|Any CPU.Build.0 = Release|Any CPU
	EndGlobalSection
	GlobalSection(SolutionProperties) = preSolution
		HideSolutionNode = FALSE
	EndGlobalSection
	GlobalSection(ExtensibilityGlobals) = postSolution
		SolutionGuid = {B3FBBF3C-4C9E-40CC-AD5C-9248055D9A22}
	EndGlobalSection
EndGlobal
